
Microsoft Visual Studio Solution File, Format Version 12.00
# Visual Studio Version 16
VisualStudioVersion = 16.0.31624.102
MinimumVisualStudioVersion = 10.0.40219.1
Project("{9A19103F-16F7-4668-BE54-9A1E7A4F7556}") = "TerraWheelchair", "TerraWheelchair.csproj", "{3C93E62D-9141-4059-865C-EEA20FAECB6A}"
EndProject
Global
	GlobalSection(SolutionConfigurationPlatforms) = preSolution
		Debug|Any CPU = Debug|Any CPU
		Release|Any CPU = Release|Any CPU
	EndGlobalSection
	GlobalSection(ProjectConfigurationPlatforms) = postSolution
		{3C93E62D-9141-4059-865C-EEA20FAECB6A}.Debug|Any CPU.ActiveCfg = Debug|Any CPU
		{3C93E62D-9141-4059-865C-EEA20FAECB6A}.Debug|Any CPU.Build.0 = Debug|Any CPU
		{3C93E62D-9141-4059-865C-EEA20FAECB6A}.Release|Any CPU.ActiveCfg = Release|Any CPU
		{3C93E62D-9141-4059-865C-EEA20FAECB6A}.Release|Any CPU.Build.0 = Release|Any CPU
	EndGlobalSection
	GlobalSection(SolutionProperties) = preSolution
		HideSolutionNode = FALSE
	EndGlobalSection
	GlobalSection(ExtensibilityGlobals) = postSolution
		SolutionGuid = {4FC4BE82-B1B0-4C79-ACD8-83C3C332301F}
	EndGlobalSection
EndGlobal
